{
    "name": "test2",
    "version": "1.0.0",
    "lockfileVersion": 3,
    "requires": true,
    "packages": {
        "": {
            "name": "test2",
            "version": "1.0.0",
            "dependencies": {
                "foo": "^1.0.0"
            }
        },
        "node_modules/foo": {
            "version": "1.0.0",
            "resolved": "https://registry.npmjs.org/foo/-/foo-1.0.0.tgz",
            "integrity": "sha512-aaaaaaaaaaaaaaaaaaaaaaaaaaaaaaaaaaaaaaaaaaaaaaaaaaaaaaaaaaaaaaaaaaaaaaaaaaaaaaaaaaaa=="
        }
    }
}
