{
    "name": "test1",
    "version": "1.0.0",
    "lockfileVersion": 3,
    "requires": true,
    "packages": {
        "": {
            "name": "test1",
            "version": "1.0.0",
            "dependencies": {
                "@gemal/test-fixture": "^1.0.0"
            }
        },
        "node_modules/@gemal/test-fixture": {
            "version": "1.0.0",
            "resolved": "http://registry.npmjs.org/@gemal/test-fixture/-/test-fixture-1.0.0.tgz",
            "integrity": "sha512-aaaaaaaaaaaaaaaaaaaaaaaaaaaaaaaaaaaaaaaaaaaaaaaaaaaaaaaaaaaaaaaaaaaaaaaaaaaaaaaaaaaa=="
        }
    }
}
